{
    "_readme": [
        "This file locks the dependencies of your project to a known state",
        "Read more about it at https://getcomposer.org/doc/01-basic-usage.md#composer-lock-the-lock-file",
        "This file is @generated automatically"
    ],
    "hash": "55531acb3eb6bbc75189c94795aa1086",
    "content-hash": "e83fdc8bc7a5816d93883eccc7ba73ff",
    "packages": [
        {
            "name": "container-interop/container-interop",
            "version": "1.1.0",
            "source": {
                "type": "git",
                "url": "https://github.com/container-interop/container-interop.git",
                "reference": "fc08354828f8fd3245f77a66b9e23a6bca48297e"
            },
            "dist": {
                "type": "zip",
                "url": "https://api.github.com/repos/container-interop/container-interop/zipball/fc08354828f8fd3245f77a66b9e23a6bca48297e",
                "reference": "fc08354828f8fd3245f77a66b9e23a6bca48297e",
                "shasum": ""
            },
            "type": "library",
            "autoload": {
                "psr-4": {
                    "Interop\\Container\\": "src/Interop/Container/"
                }
            },
            "notification-url": "https://packagist.org/downloads/",
            "license": [
                "MIT"
            ],
            "description": "Promoting the interoperability of container objects (DIC, SL, etc.)",
            "time": "2014-12-30 15:22:37"
        },
        {
            "name": "fluent/logger",
            "version": "v1.0.0",
            "source": {
                "type": "git",
                "url": "https://github.com/fluent/fluent-logger-php.git",
                "reference": "360ad86483847f81ba25a79aa183520d790f6fca"
            },
            "dist": {
                "type": "zip",
                "url": "https://api.github.com/repos/fluent/fluent-logger-php/zipball/360ad86483847f81ba25a79aa183520d790f6fca",
                "reference": "360ad86483847f81ba25a79aa183520d790f6fca",
                "shasum": ""
            },
            "require": {
                "php": ">=5.3.0"
            },
            "require-dev": {
                "phpunit/phpunit": "~4.3",
                "phpunit/phpunit-mock-objects": "2.3.0"
            },
            "type": "library",
            "autoload": {
                "psr-4": {
                    "Fluent\\Logger\\": "src/"
                }
            },
            "notification-url": "https://packagist.org/downloads/",
            "license": [
                "Apache"
            ],
            "authors": [
                {
                    "name": "Shuhei Tanuma",
                    "email": "chobieee@gmail.com"
                },
                {
                    "name": "Sotaro Karasawa",
                    "email": "sotarok@crocos.co.jp"
                },
                {
                    "name": "DQNEO",
                    "email": "dqneoo@gmail.com"
                }
            ],
            "description": "a logging library for Fluentd",
            "homepage": "http://github.com/fluent/fluent-logger-php",
            "keywords": [
                "log",
                "logging"
            ],
            "time": "2015-10-16 05:38:10"
        },
        {
            "name": "league/container",
            "version": "2.2.0",
            "source": {
                "type": "git",
                "url": "https://github.com/thephpleague/container.git",
                "reference": "c0e7d947b690891f700dc4967ead7bdb3d6708c1"
            },
            "dist": {
                "type": "zip",
                "url": "https://api.github.com/repos/thephpleague/container/zipball/c0e7d947b690891f700dc4967ead7bdb3d6708c1",
                "reference": "c0e7d947b690891f700dc4967ead7bdb3d6708c1",
                "shasum": ""
            },
            "require": {
                "container-interop/container-interop": "^1.1",
                "php": ">=5.4.0"
            },
            "provide": {
                "container-interop/container-interop-implementation": "^1.1"
            },
            "replace": {
                "orno/di": "~2.0"
            },
            "require-dev": {
                "phpunit/phpunit": "4.*"
            },
            "type": "library",
            "extra": {
                "branch-alias": {
                    "dev-master": "2.x-dev",
                    "dev-1.x": "1.x-dev"
                }
            },
            "autoload": {
                "psr-4": {
                    "League\\Container\\": "src"
                }
            },
            "notification-url": "https://packagist.org/downloads/",
            "license": [
                "MIT"
            ],
            "authors": [
                {
                    "name": "Phil Bennett",
                    "email": "philipobenito@gmail.com",
                    "homepage": "http://www.philipobenito.com",
                    "role": "Developer"
                }
            ],
            "description": "A fast and intuitive dependency injection container.",
            "homepage": "https://github.com/thephpleague/container",
            "keywords": [
                "container",
                "dependency",
                "di",
                "injection",
                "league",
                "provider",
                "service"
            ],
            "time": "2016-03-17 11:07:59"
        },
        {
            "name": "rybakit/msgpack",
            "version": "v0.1.0",
            "source": {
                "type": "git",
                "url": "https://github.com/rybakit/msgpack.php.git",
                "reference": "7ae17f9936ccc13285feaab67ad13c6cb2d516d8"
            },
            "dist": {
                "type": "zip",
                "url": "https://api.github.com/repos/rybakit/msgpack.php/zipball/7ae17f9936ccc13285feaab67ad13c6cb2d516d8",
                "reference": "7ae17f9936ccc13285feaab67ad13c6cb2d516d8",
                "shasum": ""
            },
            "require": {
                "php": ">=5.4.0"
            },
            "type": "library",
            "autoload": {
                "psr-4": {
                    "MessagePack\\": "src/"
                }
            },
            "notification-url": "https://packagist.org/downloads/",
            "license": [
                "MIT"
            ],
            "authors": [
                {
                    "name": "Eugene Leonovich",
                    "email": "gen.work@gmail.com"
                }
            ],
            "description": "A pure PHP implementation of the MessagePack serialization format.",
            "keywords": [
                "messagepack",
                "msgpack",
                "pure",
                "streaming"
            ],
            "time": "2015-12-22 09:46:41"
        },
        {
            "name": "tarantool/client",
            "version": "v0.1.0",
            "source": {
                "type": "git",
                "url": "https://github.com/tarantool-php/client.git",
                "reference": "b2e4a128c4b0da2442a55389d27c8229f76874c3"
            },
            "dist": {
                "type": "zip",
                "url": "https://api.github.com/repos/tarantool-php/client/zipball/b2e4a128c4b0da2442a55389d27c8229f76874c3",
                "reference": "b2e4a128c4b0da2442a55389d27c8229f76874c3",
                "shasum": ""
            },
            "require": {
                "php": "^5.4|^7.0"
            },
            "require-dev": {
                "ext-msgpack": "@dev",
                "rybakit/msgpack": "@dev"
            },
            "suggest": {
                "ext-msgpack": "For using Pecl- or PeclLitePacker.",
                "rybakit/msgpack": "For using PurePacker."
            },
            "type": "library",
            "extra": {
                "branch-alias": {
                    "dev-master": "1.0.x-dev"
                }
            },
            "autoload": {
                "psr-4": {
                    "Tarantool\\": "src/"
                }
            },
            "notification-url": "https://packagist.org/downloads/",
            "license": [
                "MIT"
            ],
            "authors": [
                {
                    "name": "Eugene Leonovich",
                    "email": "gen.work@gmail.com"
                }
            ],
            "description": "PHP client for Tarantool.",
            "keywords": [
                "client",
                "nosql",
                "pure",
                "tarantool"
            ],
            "time": "2016-03-14 15:57:24"
        },
        {
            "name": "tarantool/mapper",
            "version": "v1.0.4",
            "source": {
                "type": "git",
                "url": "https://github.com/tarantool-php/mapper.git",
                "reference": "36049feffdcfb0634bd4c9ed038fcab43a93c96f"
            },
            "dist": {
                "type": "zip",
                "url": "https://api.github.com/repos/tarantool-php/mapper/zipball/36049feffdcfb0634bd4c9ed038fcab43a93c96f",
                "reference": "36049feffdcfb0634bd4c9ed038fcab43a93c96f",
                "shasum": ""
            },
            "require": {
                "php": "^5.5|^7.0",
                "rybakit/msgpack": "^0.1.0",
                "tarantool/client": "^0.1.0"
            },
            "type": "library",
            "autoload": {
                "psr-4": {
                    "Tarantool\\Mapper\\": "src/"
                }
            },
            "notification-url": "https://packagist.org/downloads/",
            "license": [
                "MIT"
            ],
            "authors": [
                {
                    "name": "Dmitry Krokhin",
                    "email": "nekufa@gmail.com"
                }
            ],
            "description": "PHP Object Mapper for Tarantool.",
            "keywords": [
                "client",
                "nosql",
                "orm",
                "pure",
                "tarantool"
            ],
            "time": "2016-06-16 10:43:53"
        },
        {
            "name": "vlucas/phpdotenv",
            "version": "v2.3.0",
            "source": {
                "type": "git",
                "url": "https://github.com/vlucas/phpdotenv.git",
                "reference": "9ca5644c536654e9509b9d257f53c58630eb2a6a"
            },
            "dist": {
                "type": "zip",
                "url": "https://api.github.com/repos/vlucas/phpdotenv/zipball/9ca5644c536654e9509b9d257f53c58630eb2a6a",
                "reference": "9ca5644c536654e9509b9d257f53c58630eb2a6a",
                "shasum": ""
            },
            "require": {
                "php": ">=5.3.9"
            },
            "require-dev": {
                "phpunit/phpunit": "^4.8 || ^5.0"
            },
            "type": "library",
            "extra": {
                "branch-alias": {
                    "dev-master": "2.3-dev"
                }
            },
            "autoload": {
                "psr-4": {
                    "Dotenv\\": "src/"
                }
            },
            "notification-url": "https://packagist.org/downloads/",
            "license": [
                "BSD-3-Clause-Attribution"
            ],
            "authors": [
                {
                    "name": "Vance Lucas",
                    "email": "vance@vancelucas.com",
                    "homepage": "http://www.vancelucas.com"
                }
            ],
            "description": "Loads environment variables from `.env` to `getenv()`, `$_ENV` and `$_SERVER` automagically.",
            "keywords": [
                "dotenv",
                "env",
                "environment"
            ],
            "time": "2016-06-14 14:14:52"
        }
    ],
    "packages-dev": [],
    "aliases": [],
    "minimum-stability": "stable",
    "stability-flags": [],
    "prefer-stable": false,
    "prefer-lowest": false,
    "platform": [],
    "platform-dev": []
}
